// !$*UTF8*$!
{
	archiveVersion = 1;
	classes = {
	};
	objectVersion = 56;
	objects = {

/* Begin PBXBuildFile section */
		F27029542A10F052008071D6 /* AppDelegate.swift in Sources */ = {isa = PBXBuildFile; fileRef = F27029532A10F052008071D6 /* AppDelegate.swift */; };
		F27029562A10F052008071D6 /* GameScene.sks in Resources */ = {isa = PBXBuildFile; fileRef = F27029552A10F052008071D6 /* GameScene.sks */; };
		F270295A2A10F052008071D6 /* GameScene.swift in Sources */ = {isa = PBXBuildFile; fileRef = F27029592A10F052008071D6 /* GameScene.swift */; };
		F270295C2A10F052008071D6 /* GameViewController.swift in Sources */ = {isa = PBXBuildFile; fileRef = F270295B2A10F052008071D6 /* GameViewController.swift */; };
		F270295F2A10F052008071D6 /* Main.storyboard in Resources */ = {isa = PBXBuildFile; fileRef = F270295D2A10F052008071D6 /* Main.storyboard */; };
		F27029612A10F052008071D6 /* Assets.xcassets in Resources */ = {isa = PBXBuildFile; fileRef = F27029602A10F052008071D6 /* Assets.xcassets */; };
		F27029642A10F052008071D6 /* LaunchScreen.storyboard in Resources */ = {isa = PBXBuildFile; fileRef = F27029622A10F052008071D6 /* LaunchScreen.storyboard */; };
		F270296B2A10F0A3008071D6 /* whackBad.caf in Resources */ = {isa = PBXBuildFile; fileRef = F270296A2A10F0A3008071D6 /* whackBad.caf */; };
		F270296D2A10F0AC008071D6 /* whack.caf in Resources */ = {isa = PBXBuildFile; fileRef = F270296C2A10F0AC008071D6 /* whack.caf */; };
		F270296F2A11E868008071D6 /* whackSlot.swift in Sources */ = {isa = PBXBuildFile; fileRef = F270296E2A11E868008071D6 /* whackSlot.swift */; };
		F27029752A175FCC008071D6 /* FireParticles.sks in Resources */ = {isa = PBXBuildFile; fileRef = F27029742A175FCC008071D6 /* FireParticles.sks */; };
/* End PBXBuildFile section */

/* Begin PBXFileReference section */
		F27029502A10F052008071D6 /* p14.app */ = {isa = PBXFileReference; explicitFileType = wrapper.application; includeInIndex = 0; path = p14.app; sourceTree = BUILT_PRODUCTS_DIR; };
		F27029532A10F052008071D6 /* AppDelegate.swift */ = {isa = PBXFileReference; lastKnownFileType = sourcecode.swift; path = AppDelegate.swift; sourceTree = "<group>"; };
		F27029552A10F052008071D6 /* GameScene.sks */ = {isa = PBXFileReference; lastKnownFileType = file.sks; path = GameScene.sks; sourceTree = "<group>"; };
		F27029592A10F052008071D6 /* GameScene.swift */ = {isa = PBXFileReference; lastKnownFileType = sourcecode.swift; path = GameScene.swift; sourceTree = "<group>"; };
		F270295B2A10F052008071D6 /* GameViewController.swift */ = {isa = PBXFileReference; lastKnownFileType = sourcecode.swift; path = GameViewController.swift; sourceTree = "<group>"; };
		F270295E2A10F052008071D6 /* Base */ = {isa = PBXFileReference; lastKnownFileType = file.storyboard; name = Base; path = Base.lproj/Main.storyboard; sourceTree = "<group>"; };
		F27029602A10F052008071D6 /* Assets.xcassets */ = {isa = PBXFileReference; lastKnownFileType = folder.assetcatalog; path = Assets.xcassets; sourceTree = "<group>"; };
		F27029632A10F052008071D6 /* Base */ = {isa = PBXFileReference; lastKnownFileType = file.storyboard; name = Base; path = Base.lproj/LaunchScreen.storyboard; sourceTree = "<group>"; };
		F270296A2A10F0A3008071D6 /* whackBad.caf */ = {isa = PBXFileReference; lastKnownFileType = file; path = whackBad.caf; sourceTree = "<group>"; };
		F270296C2A10F0AC008071D6 /* whack.caf */ = {isa = PBXFileReference; lastKnownFileType = file; path = whack.caf; sourceTree = "<group>"; };
		F270296E2A11E868008071D6 /* whackSlot.swift */ = {isa = PBXFileReference; lastKnownFileType = sourcecode.swift; path = whackSlot.swift; sourceTree = "<group>"; };
		F27029742A175FCC008071D6 /* FireParticles.sks */ = {isa = PBXFileReference; lastKnownFileType = file.sks; path = FireParticles.sks; sourceTree = "<group>"; };
/* End PBXFileReference section */

/* Begin PBXFrameworksBuildPhase section */
		F270294D2A10F052008071D6 /* Frameworks */ = {
			isa = PBXFrameworksBuildPhase;
			buildActionMask = 2147483647;
			files = (
			);
			runOnlyForDeploymentPostprocessing = 0;
		};
/* End PBXFrameworksBuildPhase section */

/* Begin PBXGroup section */
		F27029472A10F052008071D6 = {
			isa = PBXGroup;
			children = (
				F27029522A10F052008071D6 /* p14 */,
				F27029512A10F052008071D6 /* Products */,
			);
			sourceTree = "<group>";
		};
		F27029512A10F052008071D6 /* Products */ = {
			isa = PBXGroup;
			children = (
				F27029502A10F052008071D6 /* p14.app */,
			);
			name = Products;
			sourceTree = "<group>";
		};
		F27029522A10F052008071D6 /* p14 */ = {
			isa = PBXGroup;
			children = (
				F27029532A10F052008071D6 /* AppDelegate.swift */,
				F27029552A10F052008071D6 /* GameScene.sks */,
				F27029592A10F052008071D6 /* GameScene.swift */,
				F270295B2A10F052008071D6 /* GameViewController.swift */,
				F270296E2A11E868008071D6 /* whackSlot.swift */,
				F270295D2A10F052008071D6 /* Main.storyboard */,
				F27029602A10F052008071D6 /* Assets.xcassets */,
				F27029622A10F052008071D6 /* LaunchScreen.storyboard */,
				F270296A2A10F0A3008071D6 /* whackBad.caf */,
				F270296C2A10F0AC008071D6 /* whack.caf */,
				F27029742A175FCC008071D6 /* FireParticles.sks */,
			);
			path = p14;
			sourceTree = "<group>";
		};
/* End PBXGroup section */

/* Begin PBXNativeTarget section */
		F270294F2A10F052008071D6 /* p14 */ = {
			isa = PBXNativeTarget;
			buildConfigurationList = F27029672A10F052008071D6 /* Build configuration list for PBXNativeTarget "p14" */;
			buildPhases = (
				F270294C2A10F052008071D6 /* Sources */,
				F270294D2A10F052008071D6 /* Frameworks */,
				F270294E2A10F052008071D6 /* Resources */,
			);
			buildRules = (
			);
			dependencies = (
			);
			name = p14;
			productName = p14;
			productReference = F27029502A10F052008071D6 /* p14.app */;
			productType = "com.apple.product-type.application";
		};
/* End PBXNativeTarget section */

/* Begin PBXProject section */
		F27029482A10F052008071D6 /* Project object */ = {
			isa = PBXProject;
			attributes = {
				BuildIndependentTargetsInParallel = 1;
				LastSwiftUpdateCheck = 1420;
				LastUpgradeCheck = 1420;
				TargetAttributes = {
					F270294F2A10F052008071D6 = {
						CreatedOnToolsVersion = 14.2;
					};
				};
			};
			buildConfigurationList = F270294B2A10F052008071D6 /* Build configuration list for PBXProject "p14" */;
			compatibilityVersion = "Xcode 14.0";
			developmentRegion = en;
			hasScannedForEncodings = 0;
			knownRegions = (
				en,
				Base,
			);
			mainGroup = F27029472A10F052008071D6;
			productRefGroup = F27029512A10F052008071D6 /* Products */;
			projectDirPath = "";
			projectRoot = "";
			targets = (
				F270294F2A10F052008071D6 /* p14 */,
			);
		};
/* End PBXProject section */

/* Begin PBXResourcesBuildPhase section */
		F270294E2A10F052008071D6 /* Resources */ = {
			isa = PBXResourcesBuildPhase;
			buildActionMask = 2147483647;
			files = (
				F270296B2A10F0A3008071D6 /* whackBad.caf in Resources */,
				F270295F2A10F052008071D6 /* Main.storyboard in Resources */,
				F27029562A10F052008071D6 /* GameScene.sks in Resources */,
				F27029612A10F052008071D6 /* Assets.xcassets in Resources */,
				F27029642A10F052008071D6 /* LaunchScreen.storyboard in Resources */,
				F270296D2A10F0AC008071D6 /* whack.caf in Resources */,
				F27029752A175FCC008071D6 /* FireParticles.sks in Resources */,
			);
			runOnlyForDeploymentPostprocessing = 0;
		};
/* End PBXResourcesBuildPhase section */

/* Begin PBXSourcesBuildPhase section */
		F270294C2A10F052008071D6 /* Sources */ = {
			isa = PBXSourcesBuildPhase;
			buildActionMask = 2147483647;
			files = (
				F270295A2A10F052008071D6 /* GameScene.swift in Sources */,
				F270295C2A10F052008071D6 /* GameViewController.swift in Sources */,
				F270296F2A11E868008071D6 /* whackSlot.swift in Sources */,
				F27029542A10F052008071D6 /* AppDelegate.swift in Sources */,
			);
			runOnlyForDeploymentPostprocessing = 0;
		};
/* End PBXSourcesBuildPhase section */

/* Begin PBXVariantGroup section */
		F270295D2A10F052008071D6 /* Main.storyboard */ = {
			isa = PBXVariantGroup;
			children = (
				F270295E2A10F052008071D6 /* Base */,
			);
			name = Main.storyboard;
			sourceTree = "<group>";
		};
		F27029622A10F052008071D6 /* LaunchScreen.storyboard */ = {
			isa = PBXVariantGroup;
			children = (
				F27029632A10F052008071D6 /* Base */,
			);
			name = LaunchScreen.storyboard;
			sourceTree = "<group>";
		};
/* End PBXVariantGroup section */

/* Begin XCBuildConfiguration section */
		F27029652A10F052008071D6 /* Debug */ = {
			isa = XCBuildConfiguration;
			buildSettings = {
				ALWAYS_SEARCH_USER_PATHS = NO;
				CLANG_ANALYZER_NONNULL = YES;
				CLANG_ANALYZER_NUMBER_OBJECT_CONVERSION = YES_AGGRESSIVE;
				CLANG_CXX_LANGUAGE_STANDARD = "gnu++20";
				CLANG_ENABLE_MODULES = YES;
				CLANG_ENABLE_OBJC_ARC = YES;
				CLANG_ENABLE_OBJC_WEAK = YES;
				CLANG_WARN_BLOCK_CAPTURE_AUTORELEASING = YES;
				CLANG_WARN_BOOL_CONVERSION = YES;
				CLANG_WARN_COMMA = YES;
				CLANG_WARN_CONSTANT_CONVERSION = YES;
				CLANG_WARN_DEPRECATED_OBJC_IMPLEMENTATIONS = YES;
				CLANG_WARN_DIRECT_OBJC_ISA_USAGE = YES_ERROR;
				CLANG_WARN_DOCUMENTATION_COMMENTS = YES;
				CLANG_WARN_EMPTY_BODY = YES;
				CLANG_WARN_ENUM_CONVERSION = YES;
				CLANG_WARN_INFINITE_RECURSION = YES;
				CLANG_WARN_INT_CONVERSION = YES;
				CLANG_WARN_NON_LITERAL_NULL_CONVERSION = YES;
				CLANG_WARN_OBJC_IMPLICIT_RETAIN_SELF = YES;
				CLANG_WARN_OBJC_LITERAL_CONVERSION = YES;
				CLANG_WARN_OBJC_ROOT_CLASS = YES_ERROR;
				CLANG_WARN_QUOTED_INCLUDE_IN_FRAMEWORK_HEADER = YES;
				CLANG_WARN_RANGE_LOOP_ANALYSIS = YES;
				CLANG_WARN_STRICT_PROTOTYPES = YES;
				CLANG_WARN_SUSPICIOUS_MOVE = YES;
				CLANG_WARN_UNGUARDED_AVAILABILITY = YES_AGGRESSIVE;
				CLANG_WARN_UNREACHABLE_CODE = YES;
				CLANG_WARN__DUPLICATE_METHOD_MATCH = YES;
				COPY_PHASE_STRIP = NO;
				DEBUG_INFORMATION_FORMAT = dwarf;
				ENABLE_STRICT_OBJC_MSGSEND = YES;
				ENABLE_TESTABILITY = YES;
				GCC_C_LANGUAGE_STANDARD = gnu11;
				GCC_DYNAMIC_NO_PIC = NO;
				GCC_NO_COMMON_BLOCKS = YES;
				GCC_OPTIMIZATION_LEVEL = 0;
				GCC_PREPROCESSOR_DEFINITIONS = (
					"DEBUG=1",
					"$(inherited)",
				);
				GCC_WARN_64_TO_32_BIT_CONVERSION = YES;
				GCC_WARN_ABOUT_RETURN_TYPE = YES_ERROR;
				GCC_WARN_UNDECLARED_SELECTOR = YES;
				GCC_WARN_UNINITIALIZED_AUTOS = YES_AGGRESSIVE;
				GCC_WARN_UNUSED_FUNCTION = YES;
				GCC_WARN_UNUSED_VARIABLE = YES;
				IPHONEOS_DEPLOYMENT_TARGET = 16.2;
				MTL_ENABLE_DEBUG_INFO = INCLUDE_SOURCE;
				MTL_FAST_MATH = YES;
				ONLY_ACTIVE_ARCH = YES;
				SDKROOT = iphoneos;
				SWIFT_ACTIVE_COMPILATION_CONDITIONS = DEBUG;
				SWIFT_OPTIMIZATION_LEVEL = "-Onone";
			};
			name = Debug;
		};
		F27029662A10F052008071D6 /* Release */ = {
			isa = XCBuildConfiguration;
			buildSettings = {
				ALWAYS_SEARCH_USER_PATHS = NO;
				CLANG_ANALYZER_NONNULL = YES;
				CLANG_ANALYZER_NUMBER_OBJECT_CONVERSION = YES_AGGRESSIVE;
				CLANG_CXX_LANGUAGE_STANDARD = "gnu++20";
				CLANG_ENABLE_MODULES = YES;
				CLANG_ENABLE_OBJC_ARC = YES;
				CLANG_ENABLE_OBJC_WEAK = YES;
				CLANG_WARN_BLOCK_CAPTURE_AUTORELEASING = YES;
				CLANG_WARN_BOOL_CONVERSION = YES;
				CLANG_WARN_COMMA = YES;
				CLANG_WARN_CONSTANT_CONVERSION = YES;
				CLANG_WARN_DEPRECATED_OBJC_IMPLEMENTATIONS = YES;
				CLANG_WARN_DIRECT_OBJC_ISA_USAGE = YES_ERROR;
				CLANG_WARN_DOCUMENTATION_COMMENTS = YES;
				CLANG_WARN_EMPTY_BODY = YES;
				CLANG_WARN_ENUM_CONVERSION = YES;
				CLANG_WARN_INFINITE_RECURSION = YES;
				CLANG_WARN_INT_CONVERSION = YES;
				CLANG_WARN_NON_LITERAL_NULL_CONVERSION = YES;
				CLANG_WARN_OBJC_IMPLICIT_RETAIN_SELF = YES;
				CLANG_WARN_OBJC_LITERAL_CONVERSION = YES;
				CLANG_WARN_OBJC_ROOT_CLASS = YES_ERROR;
				CLANG_WARN_QUOTED_INCLUDE_IN_FRAMEWORK_HEADER = YES;
				CLANG_WARN_RANGE_LOOP_ANALYSIS = YES;
				CLANG_WARN_STRICT_PROTOTYPES = YES;
				CLANG_WARN_SUSPICIOUS_MOVE = YES;
				CLANG_WARN_UNGUARDED_AVAILABILITY = YES_AGGRESSIVE;
				CLANG_WARN_UNREACHABLE_CODE = YES;
				CLANG_WARN__DUPLICATE_METHOD_MATCH = YES;
				COPY_PHASE_STRIP = NO;
				DEBUG_INFORMATION_FORMAT = "dwarf-with-dsym";
				ENABLE_NS_ASSERTIONS = NO;
				ENABLE_STRICT_OBJC_MSGSEND = YES;
				GCC_C_LANGUAGE_STANDARD = gnu11;
				GCC_NO_COMMON_BLOCKS = YES;
				GCC_WARN_64_TO_32_BIT_CONVERSION = YES;
				GCC_WARN_ABOUT_RETURN_TYPE = YES_ERROR;
				GCC_WARN_UNDECLARED_SELECTOR = YES;
				GCC_WARN_UNINITIALIZED_AUTOS = YES_AGGRESSIVE;
				GCC_WARN_UNUSED_FUNCTION = YES;
				GCC_WARN_UNUSED_VARIABLE = YES;
				IPHONEOS_DEPLOYMENT_TARGET = 16.2;
				MTL_ENABLE_DEBUG_INFO = NO;
				MTL_FAST_MATH = YES;
				SDKROOT = iphoneos;
				SWIFT_COMPILATION_MODE = wholemodule;
				SWIFT_OPTIMIZATION_LEVEL = "-O";
				VALIDATE_PRODUCT = YES;
			};
			name = Release;
		};
		F27029682A10F052008071D6 /* Debug */ = {
			isa = XCBuildConfiguration;
			buildSettings = {
				ASSETCATALOG_COMPILER_APPICON_NAME = AppIcon;
				ASSETCATALOG_COMPILER_GLOBAL_ACCENT_COLOR_NAME = AccentColor;
				CODE_SIGN_STYLE = Automatic;
				CURRENT_PROJECT_VERSION = 1;
				GENERATE_INFOPLIST_FILE = YES;
				INFOPLIST_KEY_UIApplicationSupportsIndirectInputEvents = YES;
				INFOPLIST_KEY_UILaunchStoryboardName = LaunchScreen;
				INFOPLIST_KEY_UIMainStoryboardFile = Main;
				INFOPLIST_KEY_UIStatusBarHidden = YES;
				INFOPLIST_KEY_UISupportedInterfaceOrientations = "UIInterfaceOrientationLandscapeLeft UIInterfaceOrientationLandscapeRight";
				INFOPLIST_KEY_UISupportedInterfaceOrientations_iPad = "UIInterfaceOrientationLandscapeLeft UIInterfaceOrientationLandscapeRight UIInterfaceOrientationPortrait UIInterfaceOrientationPortraitUpsideDown";
				LD_RUNPATH_SEARCH_PATHS = (
					"$(inherited)",
					"@executable_path/Frameworks",
				);
				MARKETING_VERSION = 1.0;
				PRODUCT_BUNDLE_IDENTIFIER = "Shady-Adel.p14";
				PRODUCT_NAME = "$(TARGET_NAME)";
				SUPPORTED_PLATFORMS = "iphoneos iphonesimulator";
				SUPPORTS_MACCATALYST = NO;
				SUPPORTS_MAC_DESIGNED_FOR_IPHONE_IPAD = NO;
				SWIFT_EMIT_LOC_STRINGS = YES;
				SWIFT_VERSION = 5.0;
				TARGETED_DEVICE_FAMILY = 2;
			};
			name = Debug;
		};
		F27029692A10F052008071D6 /* Release */ = {
			isa = XCBuildConfiguration;
			buildSettings = {
				ASSETCATALOG_COMPILER_APPICON_NAME = AppIcon;
				ASSETCATALOG_COMPILER_GLOBAL_ACCENT_COLOR_NAME = AccentColor;
				CODE_SIGN_STYLE = Automatic;
				CURRENT_PROJECT_VERSION = 1;
				GENERATE_INFOPLIST_FILE = YES;
				INFOPLIST_KEY_UIApplicationSupportsIndirectInputEvents = YES;
				INFOPLIST_KEY_UILaunchStoryboardName = LaunchScreen;
				INFOPLIST_KEY_UIMainStoryboardFile = Main;
				INFOPLIST_KEY_UIStatusBarHidden = YES;
				INFOPLIST_KEY_UISupportedInterfaceOrientations = "UIInterfaceOrientationLandscapeLeft UIInterfaceOrientationLandscapeRight";
				INFOPLIST_KEY_UISupportedInterfaceOrientations_iPad = "UIInterfaceOrientationLandscapeLeft UIInterfaceOrientationLandscapeRight UIInterfaceOrientationPortrait UIInterfaceOrientationPortraitUpsideDown";
				LD_RUNPATH_SEARCH_PATHS = (
					"$(inherited)",
					"@executable_path/Frameworks",
				);
				MARKETING_VERSION = 1.0;
				PRODUCT_BUNDLE_IDENTIFIER = "Shady-Adel.p14";
				PRODUCT_NAME = "$(TARGET_NAME)";
				SUPPORTED_PLATFORMS = "iphoneos iphonesimulator";
				SUPPORTS_MACCATALYST = NO;
				SUPPORTS_MAC_DESIGNED_FOR_IPHONE_IPAD = NO;
				SWIFT_EMIT_LOC_STRINGS = YES;
				SWIFT_VERSION = 5.0;
				TARGETED_DEVICE_FAMILY = 2;
			};
			name = Release;
		};
/* End XCBuildConfiguration section */

/* Begin XCConfigurationList section */
		F270294B2A10F052008071D6 /* Build configuration list for PBXProject "p14" */ = {
			isa = XCConfigurationList;
			buildConfigurations = (
				F27029652A10F052008071D6 /* Debug */,
				F27029662A10F052008071D6 /* Release */,
			);
			defaultConfigurationIsVisible = 0;
			defaultConfigurationName = Release;
		};
		F27029672A10F052008071D6 /* Build configuration list for PBXNativeTarget "p14" */ = {
			isa = XCConfigurationList;
			buildConfigurations = (
				F27029682A10F052008071D6 /* Debug */,
				F27029692A10F052008071D6 /* Release */,
			);
			defaultConfigurationIsVisible = 0;
			defaultConfigurationName = Release;
		};
/* End XCConfigurationList section */
	};
	rootObject = F27029482A10F052008071D6 /* Project object */;
}
